
Microsoft Visual Studio Solution File, Format Version 12.00
# Visual Studio 15
VisualStudioVersion = 15.0.28307.779
MinimumVisualStudioVersion = 10.0.40219.1
Project("{8BC9CEB8-8B4A-11D0-8D11-00A0C91BC942}") = "Sudoku", "Sudoku.vcxproj", "{4526C650-AF26-4C38-8FE2-886559AC8199}"
EndProject
Project("{2150E333-8FDC-42A3-9474-1A3956D46DE8}") = "solutionoutputfiles", "solutionoutputfiles", "{C1CB450E-5FCE-4F7E-8592-DF8BF090AD9B}"
	ProjectSection(SolutionItems) = preProject
		sudoku_puzzle.txt = sudoku_puzzle.txt
		sudoku_solution.txt = sudoku_solution.txt
	EndProjectSection
EndProject
Global
	GlobalSection(SolutionConfigurationPlatforms) = preSolution
		Debug|x86 = Debug|x86
		Release|x86 = Release|x86
	EndGlobalSection
	GlobalSection(ProjectConfigurationPlatforms) = postSolution
		{4526C650-AF26-4C38-8FE2-886559AC8199}.Debug|x86.ActiveCfg = Debug|Win32
		{4526C650-AF26-4C38-8FE2-886559AC8199}.Debug|x86.Build.0 = Debug|Win32
		{4526C650-AF26-4C38-8FE2-886559AC8199}.Release|x86.ActiveCfg = Release|Win32
		{4526C650-AF26-4C38-8FE2-886559AC8199}.Release|x86.Build.0 = Release|Win32
	EndGlobalSection
	GlobalSection(SolutionProperties) = preSolution
		HideSolutionNode = FALSE
	EndGlobalSection
	GlobalSection(ExtensibilityGlobals) = postSolution
		SolutionGuid = {F6C017CC-B9CF-442A-B1D0-C8851FDA879C}
	EndGlobalSection
EndGlobal
